// !$*UTF8*$!
{
	archiveVersion = 1;
	classes = {
	};
	objectVersion = 55;
	objects = {

/* Begin PBXBuildFile section */
		E7152F182C2C368F0047CE09 /* Ball.swift in Sources */ = {isa = PBXBuildFile; fileRef = E7152F172C2C368F0047CE09 /* Ball.swift */; };
		E7152F1A2C2C3A420047CE09 /* BallPhysics.swift in Sources */ = {isa = PBXBuildFile; fileRef = E7152F192C2C3A420047CE09 /* BallPhysics.swift */; };
		E7152F1C2C2C47A20047CE09 /* BlockModel.swift in Sources */ = {isa = PBXBuildFile; fileRef = E7152F1B2C2C47A20047CE09 /* BlockModel.swift */; };
		E72DAA0A2C2DA60E0057E6CC /* PlatformModel.swift in Sources */ = {isa = PBXBuildFile; fileRef = E72DAA092C2DA60E0057E6CC /* PlatformModel.swift */; };
		E72DAA0C2C2DB71E0057E6CC /* GameState.swift in Sources */ = {isa = PBXBuildFile; fileRef = E72DAA0B2C2DB71E0057E6CC /* GameState.swift */; };
		E72DAA0E2C2DB8420057E6CC /* EndGame.swift in Sources */ = {isa = PBXBuildFile; fileRef = E72DAA0D2C2DB8420057E6CC /* EndGame.swift */; };
		E72DAA102C2DB9EA0057E6CC /* ContentView.swift in Sources */ = {isa = PBXBuildFile; fileRef = E72DAA0F2C2DB9EA0057E6CC /* ContentView.swift */; };
		E73D8ECD2C2B01FB007ECE29 /* Nowak_ArkanoidApp.swift in Sources */ = {isa = PBXBuildFile; fileRef = E73D8ECC2C2B01FB007ECE29 /* Nowak_ArkanoidApp.swift */; };
		E73D8ECF2C2B01FB007ECE29 /* GameView.swift in Sources */ = {isa = PBXBuildFile; fileRef = E73D8ECE2C2B01FB007ECE29 /* GameView.swift */; };
		E73D8ED12C2B01FE007ECE29 /* Assets.xcassets in Resources */ = {isa = PBXBuildFile; fileRef = E73D8ED02C2B01FE007ECE29 /* Assets.xcassets */; };
		E73D8ED42C2B01FE007ECE29 /* Preview Assets.xcassets in Resources */ = {isa = PBXBuildFile; fileRef = E73D8ED32C2B01FE007ECE29 /* Preview Assets.xcassets */; };
		E73D8EDB2C2B03F0007ECE29 /* Platform.swift in Sources */ = {isa = PBXBuildFile; fileRef = E73D8EDA2C2B03F0007ECE29 /* Platform.swift */; };
		E73D8EDD2C2B05AB007ECE29 /* PlatformArea.swift in Sources */ = {isa = PBXBuildFile; fileRef = E73D8EDC2C2B05AB007ECE29 /* PlatformArea.swift */; };
		E73D8EDF2C2B0A03007ECE29 /* Block.swift in Sources */ = {isa = PBXBuildFile; fileRef = E73D8EDE2C2B0A03007ECE29 /* Block.swift */; };
		E73D8EE12C2B0C47007ECE29 /* BlockGrid.swift in Sources */ = {isa = PBXBuildFile; fileRef = E73D8EE02C2B0C47007ECE29 /* BlockGrid.swift */; };
		E73D8EE52C2B159E007ECE29 /* CurrentScore.swift in Sources */ = {isa = PBXBuildFile; fileRef = E73D8EE42C2B159E007ECE29 /* CurrentScore.swift */; };
/* End PBXBuildFile section */

/* Begin PBXFileReference section */
		E7152F172C2C368F0047CE09 /* Ball.swift */ = {isa = PBXFileReference; lastKnownFileType = sourcecode.swift; path = Ball.swift; sourceTree = "<group>"; };
		E7152F192C2C3A420047CE09 /* BallPhysics.swift */ = {isa = PBXFileReference; lastKnownFileType = sourcecode.swift; path = BallPhysics.swift; sourceTree = "<group>"; };
		E7152F1B2C2C47A20047CE09 /* BlockModel.swift */ = {isa = PBXFileReference; lastKnownFileType = sourcecode.swift; path = BlockModel.swift; sourceTree = "<group>"; };
		E72DAA092C2DA60E0057E6CC /* PlatformModel.swift */ = {isa = PBXFileReference; lastKnownFileType = sourcecode.swift; path = PlatformModel.swift; sourceTree = "<group>"; };
		E72DAA0B2C2DB71E0057E6CC /* GameState.swift */ = {isa = PBXFileReference; lastKnownFileType = sourcecode.swift; path = GameState.swift; sourceTree = "<group>"; };
		E72DAA0D2C2DB8420057E6CC /* EndGame.swift */ = {isa = PBXFileReference; lastKnownFileType = sourcecode.swift; path = EndGame.swift; sourceTree = "<group>"; };
		E72DAA0F2C2DB9EA0057E6CC /* ContentView.swift */ = {isa = PBXFileReference; lastKnownFileType = sourcecode.swift; path = ContentView.swift; sourceTree = "<group>"; };
		E73D8EC92C2B01FB007ECE29 /* Nowak_Arkanoid.app */ = {isa = PBXFileReference; explicitFileType = wrapper.application; includeInIndex = 0; path = Nowak_Arkanoid.app; sourceTree = BUILT_PRODUCTS_DIR; };
		E73D8ECC2C2B01FB007ECE29 /* Nowak_ArkanoidApp.swift */ = {isa = PBXFileReference; lastKnownFileType = sourcecode.swift; path = Nowak_ArkanoidApp.swift; sourceTree = "<group>"; };
		E73D8ECE2C2B01FB007ECE29 /* GameView.swift */ = {isa = PBXFileReference; lastKnownFileType = sourcecode.swift; path = GameView.swift; sourceTree = "<group>"; };
		E73D8ED02C2B01FE007ECE29 /* Assets.xcassets */ = {isa = PBXFileReference; lastKnownFileType = folder.assetcatalog; path = Assets.xcassets; sourceTree = "<group>"; };
		E73D8ED32C2B01FE007ECE29 /* Preview Assets.xcassets */ = {isa = PBXFileReference; lastKnownFileType = folder.assetcatalog; path = "Preview Assets.xcassets"; sourceTree = "<group>"; };
		E73D8EDA2C2B03F0007ECE29 /* Platform.swift */ = {isa = PBXFileReference; lastKnownFileType = sourcecode.swift; path = Platform.swift; sourceTree = "<group>"; };
		E73D8EDC2C2B05AB007ECE29 /* PlatformArea.swift */ = {isa = PBXFileReference; lastKnownFileType = sourcecode.swift; path = PlatformArea.swift; sourceTree = "<group>"; };
		E73D8EDE2C2B0A03007ECE29 /* Block.swift */ = {isa = PBXFileReference; lastKnownFileType = sourcecode.swift; path = Block.swift; sourceTree = "<group>"; };
		E73D8EE02C2B0C47007ECE29 /* BlockGrid.swift */ = {isa = PBXFileReference; lastKnownFileType = sourcecode.swift; path = BlockGrid.swift; sourceTree = "<group>"; };
		E73D8EE42C2B159E007ECE29 /* CurrentScore.swift */ = {isa = PBXFileReference; lastKnownFileType = sourcecode.swift; path = CurrentScore.swift; sourceTree = "<group>"; };
/* End PBXFileReference section */

/* Begin PBXFrameworksBuildPhase section */
		E73D8EC62C2B01FB007ECE29 /* Frameworks */ = {
			isa = PBXFrameworksBuildPhase;
			buildActionMask = 2147483647;
			files = (
			);
			runOnlyForDeploymentPostprocessing = 0;
		};
/* End PBXFrameworksBuildPhase section */

/* Begin PBXGroup section */
		E73D8EC02C2B01FB007ECE29 = {
			isa = PBXGroup;
			children = (
				E73D8ECB2C2B01FB007ECE29 /* Nowak_Arkanoid */,
				E73D8ECA2C2B01FB007ECE29 /* Products */,
			);
			sourceTree = "<group>";
		};
		E73D8ECA2C2B01FB007ECE29 /* Products */ = {
			isa = PBXGroup;
			children = (
				E73D8EC92C2B01FB007ECE29 /* Nowak_Arkanoid.app */,
			);
			name = Products;
			sourceTree = "<group>";
		};
		E73D8ECB2C2B01FB007ECE29 /* Nowak_Arkanoid */ = {
			isa = PBXGroup;
			children = (
				E73D8ECC2C2B01FB007ECE29 /* Nowak_ArkanoidApp.swift */,
				E73D8ECE2C2B01FB007ECE29 /* GameView.swift */,
				E73D8ED02C2B01FE007ECE29 /* Assets.xcassets */,
				E73D8ED22C2B01FE007ECE29 /* Preview Content */,
				E73D8EDA2C2B03F0007ECE29 /* Platform.swift */,
				E73D8EDC2C2B05AB007ECE29 /* PlatformArea.swift */,
				E73D8EDE2C2B0A03007ECE29 /* Block.swift */,
				E73D8EE02C2B0C47007ECE29 /* BlockGrid.swift */,
				E73D8EE42C2B159E007ECE29 /* CurrentScore.swift */,
				E7152F172C2C368F0047CE09 /* Ball.swift */,
				E7152F192C2C3A420047CE09 /* BallPhysics.swift */,
				E7152F1B2C2C47A20047CE09 /* BlockModel.swift */,
				E72DAA092C2DA60E0057E6CC /* PlatformModel.swift */,
				E72DAA0B2C2DB71E0057E6CC /* GameState.swift */,
				E72DAA0D2C2DB8420057E6CC /* EndGame.swift */,
				E72DAA0F2C2DB9EA0057E6CC /* ContentView.swift */,
			);
			path = Nowak_Arkanoid;
			sourceTree = "<group>";
		};
		E73D8ED22C2B01FE007ECE29 /* Preview Content */ = {
			isa = PBXGroup;
			children = (
				E73D8ED32C2B01FE007ECE29 /* Preview Assets.xcassets */,
			);
			path = "Preview Content";
			sourceTree = "<group>";
		};
/* End PBXGroup section */

/* Begin PBXNativeTarget section */
		E73D8EC82C2B01FB007ECE29 /* Nowak_Arkanoid */ = {
			isa = PBXNativeTarget;
			buildConfigurationList = E73D8ED72C2B01FE007ECE29 /* Build configuration list for PBXNativeTarget "Nowak_Arkanoid" */;
			buildPhases = (
				E73D8EC52C2B01FB007ECE29 /* Sources */,
				E73D8EC62C2B01FB007ECE29 /* Frameworks */,
				E73D8EC72C2B01FB007ECE29 /* Resources */,
			);
			buildRules = (
			);
			dependencies = (
			);
			name = Nowak_Arkanoid;
			productName = Nowak_Arkanoid;
			productReference = E73D8EC92C2B01FB007ECE29 /* Nowak_Arkanoid.app */;
			productType = "com.apple.product-type.application";
		};
/* End PBXNativeTarget section */

/* Begin PBXProject section */
		E73D8EC12C2B01FB007ECE29 /* Project object */ = {
			isa = PBXProject;
			attributes = {
				BuildIndependentTargetsInParallel = 1;
				LastSwiftUpdateCheck = 1320;
				LastUpgradeCheck = 1320;
				TargetAttributes = {
					E73D8EC82C2B01FB007ECE29 = {
						CreatedOnToolsVersion = 13.2.1;
					};
				};
			};
			buildConfigurationList = E73D8EC42C2B01FB007ECE29 /* Build configuration list for PBXProject "Nowak_Arkanoid" */;
			compatibilityVersion = "Xcode 13.0";
			developmentRegion = en;
			hasScannedForEncodings = 0;
			knownRegions = (
				en,
				Base,
			);
			mainGroup = E73D8EC02C2B01FB007ECE29;
			productRefGroup = E73D8ECA2C2B01FB007ECE29 /* Products */;
			projectDirPath = "";
			projectRoot = "";
			targets = (
				E73D8EC82C2B01FB007ECE29 /* Nowak_Arkanoid */,
			);
		};
/* End PBXProject section */

/* Begin PBXResourcesBuildPhase section */
		E73D8EC72C2B01FB007ECE29 /* Resources */ = {
			isa = PBXResourcesBuildPhase;
			buildActionMask = 2147483647;
			files = (
				E73D8ED42C2B01FE007ECE29 /* Preview Assets.xcassets in Resources */,
				E73D8ED12C2B01FE007ECE29 /* Assets.xcassets in Resources */,
			);
			runOnlyForDeploymentPostprocessing = 0;
		};
/* End PBXResourcesBuildPhase section */

/* Begin PBXSourcesBuildPhase section */
		E73D8EC52C2B01FB007ECE29 /* Sources */ = {
			isa = PBXSourcesBuildPhase;
			buildActionMask = 2147483647;
			files = (
				E7152F1A2C2C3A420047CE09 /* BallPhysics.swift in Sources */,
				E72DAA0E2C2DB8420057E6CC /* EndGame.swift in Sources */,
				E72DAA102C2DB9EA0057E6CC /* ContentView.swift in Sources */,
				E73D8EDB2C2B03F0007ECE29 /* Platform.swift in Sources */,
				E72DAA0A2C2DA60E0057E6CC /* PlatformModel.swift in Sources */,
				E73D8ECF2C2B01FB007ECE29 /* GameView.swift in Sources */,
				E73D8EDF2C2B0A03007ECE29 /* Block.swift in Sources */,
				E7152F1C2C2C47A20047CE09 /* BlockModel.swift in Sources */,
				E73D8EE52C2B159E007ECE29 /* CurrentScore.swift in Sources */,
				E73D8EE12C2B0C47007ECE29 /* BlockGrid.swift in Sources */,
				E7152F182C2C368F0047CE09 /* Ball.swift in Sources */,
				E72DAA0C2C2DB71E0057E6CC /* GameState.swift in Sources */,
				E73D8ECD2C2B01FB007ECE29 /* Nowak_ArkanoidApp.swift in Sources */,
				E73D8EDD2C2B05AB007ECE29 /* PlatformArea.swift in Sources */,
			);
			runOnlyForDeploymentPostprocessing = 0;
		};
/* End PBXSourcesBuildPhase section */

/* Begin XCBuildConfiguration section */
		E73D8ED52C2B01FE007ECE29 /* Debug */ = {
			isa = XCBuildConfiguration;
			buildSettings = {
				ALWAYS_SEARCH_USER_PATHS = NO;
				CLANG_ANALYZER_NONNULL = YES;
				CLANG_ANALYZER_NUMBER_OBJECT_CONVERSION = YES_AGGRESSIVE;
				CLANG_CXX_LANGUAGE_STANDARD = "gnu++17";
				CLANG_CXX_LIBRARY = "libc++";
				CLANG_ENABLE_MODULES = YES;
				CLANG_ENABLE_OBJC_ARC = YES;
				CLANG_ENABLE_OBJC_WEAK = YES;
				CLANG_WARN_BLOCK_CAPTURE_AUTORELEASING = YES;
				CLANG_WARN_BOOL_CONVERSION = YES;
				CLANG_WARN_COMMA = YES;
				CLANG_WARN_CONSTANT_CONVERSION = YES;
				CLANG_WARN_DEPRECATED_OBJC_IMPLEMENTATIONS = YES;
				CLANG_WARN_DIRECT_OBJC_ISA_USAGE = YES_ERROR;
				CLANG_WARN_DOCUMENTATION_COMMENTS = YES;
				CLANG_WARN_EMPTY_BODY = YES;
				CLANG_WARN_ENUM_CONVERSION = YES;
				CLANG_WARN_INFINITE_RECURSION = YES;
				CLANG_WARN_INT_CONVERSION = YES;
				CLANG_WARN_NON_LITERAL_NULL_CONVERSION = YES;
				CLANG_WARN_OBJC_IMPLICIT_RETAIN_SELF = YES;
				CLANG_WARN_OBJC_LITERAL_CONVERSION = YES;
				CLANG_WARN_OBJC_ROOT_CLASS = YES_ERROR;
				CLANG_WARN_QUOTED_INCLUDE_IN_FRAMEWORK_HEADER = YES;
				CLANG_WARN_RANGE_LOOP_ANALYSIS = YES;
				CLANG_WARN_STRICT_PROTOTYPES = YES;
				CLANG_WARN_SUSPICIOUS_MOVE = YES;
				CLANG_WARN_UNGUARDED_AVAILABILITY = YES_AGGRESSIVE;
				CLANG_WARN_UNREACHABLE_CODE = YES;
				CLANG_WARN__DUPLICATE_METHOD_MATCH = YES;
				COPY_PHASE_STRIP = NO;
				DEBUG_INFORMATION_FORMAT = dwarf;
				ENABLE_STRICT_OBJC_MSGSEND = YES;
				ENABLE_TESTABILITY = YES;
				GCC_C_LANGUAGE_STANDARD = gnu11;
				GCC_DYNAMIC_NO_PIC = NO;
				GCC_NO_COMMON_BLOCKS = YES;
				GCC_OPTIMIZATION_LEVEL = 0;
				GCC_PREPROCESSOR_DEFINITIONS = (
					"DEBUG=1",
					"$(inherited)",
				);
				GCC_WARN_64_TO_32_BIT_CONVERSION = YES;
				GCC_WARN_ABOUT_RETURN_TYPE = YES_ERROR;
				GCC_WARN_UNDECLARED_SELECTOR = YES;
				GCC_WARN_UNINITIALIZED_AUTOS = YES_AGGRESSIVE;
				GCC_WARN_UNUSED_FUNCTION = YES;
				GCC_WARN_UNUSED_VARIABLE = YES;
				IPHONEOS_DEPLOYMENT_TARGET = 15.2;
				MTL_ENABLE_DEBUG_INFO = INCLUDE_SOURCE;
				MTL_FAST_MATH = YES;
				ONLY_ACTIVE_ARCH = YES;
				SDKROOT = iphoneos;
				SWIFT_ACTIVE_COMPILATION_CONDITIONS = DEBUG;
				SWIFT_OPTIMIZATION_LEVEL = "-Onone";
			};
			name = Debug;
		};
		E73D8ED62C2B01FE007ECE29 /* Release */ = {
			isa = XCBuildConfiguration;
			buildSettings = {
				ALWAYS_SEARCH_USER_PATHS = NO;
				CLANG_ANALYZER_NONNULL = YES;
				CLANG_ANALYZER_NUMBER_OBJECT_CONVERSION = YES_AGGRESSIVE;
				CLANG_CXX_LANGUAGE_STANDARD = "gnu++17";
				CLANG_CXX_LIBRARY = "libc++";
				CLANG_ENABLE_MODULES = YES;
				CLANG_ENABLE_OBJC_ARC = YES;
				CLANG_ENABLE_OBJC_WEAK = YES;
				CLANG_WARN_BLOCK_CAPTURE_AUTORELEASING = YES;
				CLANG_WARN_BOOL_CONVERSION = YES;
				CLANG_WARN_COMMA = YES;
				CLANG_WARN_CONSTANT_CONVERSION = YES;
				CLANG_WARN_DEPRECATED_OBJC_IMPLEMENTATIONS = YES;
				CLANG_WARN_DIRECT_OBJC_ISA_USAGE = YES_ERROR;
				CLANG_WARN_DOCUMENTATION_COMMENTS = YES;
				CLANG_WARN_EMPTY_BODY = YES;
				CLANG_WARN_ENUM_CONVERSION = YES;
				CLANG_WARN_INFINITE_RECURSION = YES;
				CLANG_WARN_INT_CONVERSION = YES;
				CLANG_WARN_NON_LITERAL_NULL_CONVERSION = YES;
				CLANG_WARN_OBJC_IMPLICIT_RETAIN_SELF = YES;
				CLANG_WARN_OBJC_LITERAL_CONVERSION = YES;
				CLANG_WARN_OBJC_ROOT_CLASS = YES_ERROR;
				CLANG_WARN_QUOTED_INCLUDE_IN_FRAMEWORK_HEADER = YES;
				CLANG_WARN_RANGE_LOOP_ANALYSIS = YES;
				CLANG_WARN_STRICT_PROTOTYPES = YES;
				CLANG_WARN_SUSPICIOUS_MOVE = YES;
				CLANG_WARN_UNGUARDED_AVAILABILITY = YES_AGGRESSIVE;
				CLANG_WARN_UNREACHABLE_CODE = YES;
				CLANG_WARN__DUPLICATE_METHOD_MATCH = YES;
				COPY_PHASE_STRIP = NO;
				DEBUG_INFORMATION_FORMAT = "dwarf-with-dsym";
				ENABLE_NS_ASSERTIONS = NO;
				ENABLE_STRICT_OBJC_MSGSEND = YES;
				GCC_C_LANGUAGE_STANDARD = gnu11;
				GCC_NO_COMMON_BLOCKS = YES;
				GCC_WARN_64_TO_32_BIT_CONVERSION = YES;
				GCC_WARN_ABOUT_RETURN_TYPE = YES_ERROR;
				GCC_WARN_UNDECLARED_SELECTOR = YES;
				GCC_WARN_UNINITIALIZED_AUTOS = YES_AGGRESSIVE;
				GCC_WARN_UNUSED_FUNCTION = YES;
				GCC_WARN_UNUSED_VARIABLE = YES;
				IPHONEOS_DEPLOYMENT_TARGET = 15.2;
				MTL_ENABLE_DEBUG_INFO = NO;
				MTL_FAST_MATH = YES;
				SDKROOT = iphoneos;
				SWIFT_COMPILATION_MODE = wholemodule;
				SWIFT_OPTIMIZATION_LEVEL = "-O";
				VALIDATE_PRODUCT = YES;
			};
			name = Release;
		};
		E73D8ED82C2B01FE007ECE29 /* Debug */ = {
			isa = XCBuildConfiguration;
			buildSettings = {
				ASSETCATALOG_COMPILER_APPICON_NAME = AppIcon;
				ASSETCATALOG_COMPILER_GLOBAL_ACCENT_COLOR_NAME = AccentColor;
				CODE_SIGN_STYLE = Automatic;
				CURRENT_PROJECT_VERSION = 1;
				DEVELOPMENT_ASSET_PATHS = "\"Nowak_Arkanoid/Preview Content\"";
				ENABLE_PREVIEWS = YES;
				GENERATE_INFOPLIST_FILE = YES;
				INFOPLIST_KEY_UIApplicationSceneManifest_Generation = YES;
				INFOPLIST_KEY_UIApplicationSupportsIndirectInputEvents = YES;
				INFOPLIST_KEY_UILaunchScreen_Generation = YES;
				INFOPLIST_KEY_UISupportedInterfaceOrientations_iPad = "UIInterfaceOrientationPortrait UIInterfaceOrientationPortraitUpsideDown UIInterfaceOrientationLandscapeLeft UIInterfaceOrientationLandscapeRight";
				INFOPLIST_KEY_UISupportedInterfaceOrientations_iPhone = "UIInterfaceOrientationPortrait UIInterfaceOrientationLandscapeLeft UIInterfaceOrientationLandscapeRight";
				LD_RUNPATH_SEARCH_PATHS = (
					"$(inherited)",
					"@executable_path/Frameworks",
				);
				MARKETING_VERSION = 1.0;
				PRODUCT_BUNDLE_IDENTIFIER = "immpw.Nowak-Arkanoid";
				PRODUCT_NAME = "$(TARGET_NAME)";
				SWIFT_EMIT_LOC_STRINGS = YES;
				SWIFT_VERSION = 5.0;
				TARGETED_DEVICE_FAMILY = "1,2";
			};
			name = Debug;
		};
		E73D8ED92C2B01FE007ECE29 /* Release */ = {
			isa = XCBuildConfiguration;
			buildSettings = {
				ASSETCATALOG_COMPILER_APPICON_NAME = AppIcon;
				ASSETCATALOG_COMPILER_GLOBAL_ACCENT_COLOR_NAME = AccentColor;
				CODE_SIGN_STYLE = Automatic;
				CURRENT_PROJECT_VERSION = 1;
				DEVELOPMENT_ASSET_PATHS = "\"Nowak_Arkanoid/Preview Content\"";
				ENABLE_PREVIEWS = YES;
				GENERATE_INFOPLIST_FILE = YES;
				INFOPLIST_KEY_UIApplicationSceneManifest_Generation = YES;
				INFOPLIST_KEY_UIApplicationSupportsIndirectInputEvents = YES;
				INFOPLIST_KEY_UILaunchScreen_Generation = YES;
				INFOPLIST_KEY_UISupportedInterfaceOrientations_iPad = "UIInterfaceOrientationPortrait UIInterfaceOrientationPortraitUpsideDown UIInterfaceOrientationLandscapeLeft UIInterfaceOrientationLandscapeRight";
				INFOPLIST_KEY_UISupportedInterfaceOrientations_iPhone = "UIInterfaceOrientationPortrait UIInterfaceOrientationLandscapeLeft UIInterfaceOrientationLandscapeRight";
				LD_RUNPATH_SEARCH_PATHS = (
					"$(inherited)",
					"@executable_path/Frameworks",
				);
				MARKETING_VERSION = 1.0;
				PRODUCT_BUNDLE_IDENTIFIER = "immpw.Nowak-Arkanoid";
				PRODUCT_NAME = "$(TARGET_NAME)";
				SWIFT_EMIT_LOC_STRINGS = YES;
				SWIFT_VERSION = 5.0;
				TARGETED_DEVICE_FAMILY = "1,2";
			};
			name = Release;
		};
/* End XCBuildConfiguration section */

/* Begin XCConfigurationList section */
		E73D8EC42C2B01FB007ECE29 /* Build configuration list for PBXProject "Nowak_Arkanoid" */ = {
			isa = XCConfigurationList;
			buildConfigurations = (
				E73D8ED52C2B01FE007ECE29 /* Debug */,
				E73D8ED62C2B01FE007ECE29 /* Release */,
			);
			defaultConfigurationIsVisible = 0;
			defaultConfigurationName = Release;
		};
		E73D8ED72C2B01FE007ECE29 /* Build configuration list for PBXNativeTarget "Nowak_Arkanoid" */ = {
			isa = XCConfigurationList;
			buildConfigurations = (
				E73D8ED82C2B01FE007ECE29 /* Debug */,
				E73D8ED92C2B01FE007ECE29 /* Release */,
			);
			defaultConfigurationIsVisible = 0;
			defaultConfigurationName = Release;
		};
/* End XCConfigurationList section */
	};
	rootObject = E73D8EC12C2B01FB007ECE29 /* Project object */;
}
